Microsoft Visual Studio Solution File, Format Version 12.00
# Visual Studio Version 17
VisualStudioVersion = 17.14.36109.1
MinimumVisualStudioVersion = 10.0.40219.1
Project("{FAE04EC0-301F-11D3-BF4B-00C04F79EFBC}") = "AggregatorService.AppHost", "AggregatorService.AppHost\AggregatorService.AppHost.csproj", "{488B420C-77F8-4679-980A-7BE515C171CF}"
EndProject
Project("{FAE04EC0-301F-11D3-BF4B-00C04F79EFBC}") = "AggregatorService.ServiceDefaults", "AggregatorService.ServiceDefaults\AggregatorService.ServiceDefaults.csproj", "{A762639B-7C75-4C18-75C9-E8619DCCE19B}"
EndProject
Project("{FAE04EC0-301F-11D3-BF4B-00C04F79EFBC}") = "AggregatorService.ApiService", "AggregatorService.ApiService\AggregatorService.ApiService.csproj", "{B96C5508-E171-2D53-8A03-91909024E44B}"
EndProject
Project("{FAE04EC0-301F-11D3-BF4B-00C04F79EFBC}") = "AggregatorService.Tests", "AggregatorService.Tests\AggregatorService.Tests.csproj", "{F8CEFD49-91C2-00BB-F81C-A0E5304394FC}"
EndProject
Project("{FAE04EC0-301F-11D3-BF4B-00C04F79EFBC}") = "LoadGenerator", "LoadGenerator\LoadGenerator.csproj", "{4145F800-62A2-4F6A-A8C0-4FEE115EE621}"
EndProject
Project("{FAE04EC0-301F-11D3-BF4B-00C04F79EFBC}") = "AggregatorService.ApiService.Domain", "AggregatorService.ApiService.Domain\AggregatorService.ApiService.Domain.csproj", "{AE1E89F2-0B4D-43E6-8791-3D2856A06AB5}"
EndProject
Project("{FAE04EC0-301F-11D3-BF4B-00C04F79EFBC}") = "AggregatorService.ApiService.Application", "AggregatorService.ApiService.Application\AggregatorService.ApiService.Application.csproj", "{6CA1B55F-73AB-4C68-A8D3-61664BA9FDBA}"
EndProject
Project("{FAE04EC0-301F-11D3-BF4B-00C04F79EFBC}") = "AggregatorService.ApiService.Infrastructure", "AggregatorService.ApiService.Infrastructure\AggregatorService.ApiService.Infrastructure.csproj", "{3CD2671D-BA2F-4866-91CD-2D4FA76F45AF}"
EndProject
Project("{FAE04EC0-301F-11D3-BF4B-00C04F79EFBC}") = "Benchmarks", "Benchmarks\Benchmarks.csproj", "{2E654694-02A1-4586-AEA2-FD0F67EC31FF}"
EndProject
Global
	GlobalSection(SolutionConfigurationPlatforms) = preSolution
		Debug|Any CPU = Debug|Any CPU
		Release|Any CPU = Release|Any CPU
	EndGlobalSection
	GlobalSection(ProjectConfigurationPlatforms) = postSolution
		{488B420C-77F8-4679-980A-7BE515C171CF}.Debug|Any CPU.ActiveCfg = Debug|Any CPU
		{488B420C-77F8-4679-980A-7BE515C171CF}.Debug|Any CPU.Build.0 = Debug|Any CPU
		{488B420C-77F8-4679-980A-7BE515C171CF}.Release|Any CPU.ActiveCfg = Release|Any CPU
		{488B420C-77F8-4679-980A-7BE515C171CF}.Release|Any CPU.Build.0 = Release|Any CPU
		{A762639B-7C75-4C18-75C9-E8619DCCE19B}.Debug|Any CPU.ActiveCfg = Debug|Any CPU
		{A762639B-7C75-4C18-75C9-E8619DCCE19B}.Debug|Any CPU.Build.0 = Debug|Any CPU
		{A762639B-7C75-4C18-75C9-E8619DCCE19B}.Release|Any CPU.ActiveCfg = Release|Any CPU
		{A762639B-7C75-4C18-75C9-E8619DCCE19B}.Release|Any CPU.Build.0 = Release|Any CPU
		{B96C5508-E171-2D53-8A03-91909024E44B}.Debug|Any CPU.ActiveCfg = Debug|Any CPU
		{B96C5508-E171-2D53-8A03-91909024E44B}.Debug|Any CPU.Build.0 = Debug|Any CPU
		{B96C5508-E171-2D53-8A03-91909024E44B}.Release|Any CPU.ActiveCfg = Release|Any CPU
		{B96C5508-E171-2D53-8A03-91909024E44B}.Release|Any CPU.Build.0 = Release|Any CPU
		{F8CEFD49-91C2-00BB-F81C-A0E5304394FC}.Debug|Any CPU.ActiveCfg = Debug|Any CPU
		{F8CEFD49-91C2-00BB-F81C-A0E5304394FC}.Debug|Any CPU.Build.0 = Debug|Any CPU
		{F8CEFD49-91C2-00BB-F81C-A0E5304394FC}.Release|Any CPU.ActiveCfg = Release|Any CPU
		{F8CEFD49-91C2-00BB-F81C-A0E5304394FC}.Release|Any CPU.Build.0 = Release|Any CPU
		{4145F800-62A2-4F6A-A8C0-4FEE115EE621}.Debug|Any CPU.ActiveCfg = Debug|Any CPU
		{4145F800-62A2-4F6A-A8C0-4FEE115EE621}.Debug|Any CPU.Build.0 = Debug|Any CPU
		{4145F800-62A2-4F6A-A8C0-4FEE115EE621}.Release|Any CPU.ActiveCfg = Release|Any CPU
		{4145F800-62A2-4F6A-A8C0-4FEE115EE621}.Release|Any CPU.Build.0 = Release|Any CPU
		{AE1E89F2-0B4D-43E6-8791-3D2856A06AB5}.Debug|Any CPU.ActiveCfg = Debug|Any CPU
		{AE1E89F2-0B4D-43E6-8791-3D2856A06AB5}.Debug|Any CPU.Build.0 = Debug|Any CPU
		{AE1E89F2-0B4D-43E6-8791-3D2856A06AB5}.Release|Any CPU.ActiveCfg = Release|Any CPU
		{AE1E89F2-0B4D-43E6-8791-3D2856A06AB5}.Release|Any CPU.Build.0 = Release|Any CPU
		{6CA1B55F-73AB-4C68-A8D3-61664BA9FDBA}.Debug|Any CPU.ActiveCfg = Debug|Any CPU
		{6CA1B55F-73AB-4C68-A8D3-61664BA9FDBA}.Debug|Any CPU.Build.0 = Debug|Any CPU
		{6CA1B55F-73AB-4C68-A8D3-61664BA9FDBA}.Release|Any CPU.ActiveCfg = Release|Any CPU
		{6CA1B55F-73AB-4C68-A8D3-61664BA9FDBA}.Release|Any CPU.Build.0 = Release|Any CPU
		{3CD2671D-BA2F-4866-91CD-2D4FA76F45AF}.Debug|Any CPU.ActiveCfg = Debug|Any CPU
		{3CD2671D-BA2F-4866-91CD-2D4FA76F45AF}.Debug|Any CPU.Build.0 = Debug|Any CPU
		{3CD2671D-BA2F-4866-91CD-2D4FA76F45AF}.Release|Any CPU.ActiveCfg = Release|Any CPU
		{3CD2671D-BA2F-4866-91CD-2D4FA76F45AF}.Release|Any CPU.Build.0 = Release|Any CPU
		{2E654694-02A1-4586-AEA2-FD0F67EC31FF}.Debug|Any CPU.ActiveCfg = Debug|Any CPU
		{2E654694-02A1-4586-AEA2-FD0F67EC31FF}.Debug|Any CPU.Build.0 = Debug|Any CPU
		{2E654694-02A1-4586-AEA2-FD0F67EC31FF}.Release|Any CPU.ActiveCfg = Release|Any CPU
		{2E654694-02A1-4586-AEA2-FD0F67EC31FF}.Release|Any CPU.Build.0 = Release|Any CPU
	EndGlobalSection
	GlobalSection(SolutionProperties) = preSolution
		HideSolutionNode = FALSE
	EndGlobalSection
	GlobalSection(ExtensibilityGlobals) = postSolution
		SolutionGuid = {80A6CF04-181E-41B9-9131-73A5ACF8D9AC}
	EndGlobalSection
EndGlobal
